
Microsoft Visual Studio Solution File, Format Version 12.00
# Visual Studio Version 17
VisualStudioVersion = 17.1.32319.34
MinimumVisualStudioVersion = 10.0.40219.1
Project("{FAE04EC0-301F-11D3-BF4B-00C04F79EFBC}") = "Client_TPS_first", "Client_TPS_first\Client_TPS_first.csproj", "{71EBA2B9-4E7E-40A2-AB9F-3D2585B26EEC}"
EndProject
Global
	GlobalSection(SolutionConfigurationPlatforms) = preSolution
		Debug|Any CPU = Debug|Any CPU
		Release|Any CPU = Release|Any CPU
	EndGlobalSection
	GlobalSection(ProjectConfigurationPlatforms) = postSolution
		{71EBA2B9-4E7E-40A2-AB9F-3D2585B26EEC}.Debug|Any CPU.ActiveCfg = Debug|Any CPU
		{71EBA2B9-4E7E-40A2-AB9F-3D2585B26EEC}.Debug|Any CPU.Build.0 = Debug|Any CPU
		{71EBA2B9-4E7E-40A2-AB9F-3D2585B26EEC}.Release|Any CPU.ActiveCfg = Release|Any CPU
		{71EBA2B9-4E7E-40A2-AB9F-3D2585B26EEC}.Release|Any CPU.Build.0 = Release|Any CPU
	EndGlobalSection
	GlobalSection(SolutionProperties) = preSolution
		HideSolutionNode = FALSE
	EndGlobalSection
	GlobalSection(ExtensibilityGlobals) = postSolution
		SolutionGuid = {F0634F12-DCDE-4734-BAE3-7A0FB0BA6558}
	EndGlobalSection
EndGlobal
